
Microsoft Visual Studio Solution File, Format Version 12.00
# Visual Studio 15
VisualStudioVersion = 15.0.28010.2019
MinimumVisualStudioVersion = 10.0.40219.1
Project("{FAE04EC0-301F-11D3-BF4B-00C04F79EFBC}") = "program1", "program1\program1.csproj", "{1110740C-B902-4D29-B7E6-F61F34AD1D9C}"
EndProject
Project("{FAE04EC0-301F-11D3-BF4B-00C04F79EFBC}") = "program2", "program2\program2.csproj", "{1D210443-DF66-4018-AE6B-78AFCC83A887}"
EndProject
Project("{FAE04EC0-301F-11D3-BF4B-00C04F79EFBC}") = "program3", "program3\program3.csproj", "{1D7CF9A6-6732-4D05-AC1C-56C6764F64DF}"
EndProject
Global
	GlobalSection(SolutionConfigurationPlatforms) = preSolution
		Debug|Any CPU = Debug|Any CPU
		Release|Any CPU = Release|Any CPU
	EndGlobalSection
	GlobalSection(ProjectConfigurationPlatforms) = postSolution
		{1110740C-B902-4D29-B7E6-F61F34AD1D9C}.Debug|Any CPU.ActiveCfg = Debug|Any CPU
		{1110740C-B902-4D29-B7E6-F61F34AD1D9C}.Debug|Any CPU.Build.0 = Debug|Any CPU
		{1110740C-B902-4D29-B7E6-F61F34AD1D9C}.Release|Any CPU.ActiveCfg = Release|Any CPU
		{1110740C-B902-4D29-B7E6-F61F34AD1D9C}.Release|Any CPU.Build.0 = Release|Any CPU
		{1D210443-DF66-4018-AE6B-78AFCC83A887}.Debug|Any CPU.ActiveCfg = Debug|Any CPU
		{1D210443-DF66-4018-AE6B-78AFCC83A887}.Debug|Any CPU.Build.0 = Debug|Any CPU
		{1D210443-DF66-4018-AE6B-78AFCC83A887}.Release|Any CPU.ActiveCfg = Release|Any CPU
		{1D210443-DF66-4018-AE6B-78AFCC83A887}.Release|Any CPU.Build.0 = Release|Any CPU
		{1D7CF9A6-6732-4D05-AC1C-56C6764F64DF}.Debug|Any CPU.ActiveCfg = Debug|Any CPU
		{1D7CF9A6-6732-4D05-AC1C-56C6764F64DF}.Debug|Any CPU.Build.0 = Debug|Any CPU
		{1D7CF9A6-6732-4D05-AC1C-56C6764F64DF}.Release|Any CPU.ActiveCfg = Release|Any CPU
		{1D7CF9A6-6732-4D05-AC1C-56C6764F64DF}.Release|Any CPU.Build.0 = Release|Any CPU
	EndGlobalSection
	GlobalSection(SolutionProperties) = preSolution
		HideSolutionNode = FALSE
	EndGlobalSection
	GlobalSection(ExtensibilityGlobals) = postSolution
		SolutionGuid = {54D2DA47-3CAA-42CE-B2DD-1B68A6C1F8EB}
	EndGlobalSection
EndGlobal
