
Microsoft Visual Studio Solution File, Format Version 12.00
# Visual Studio 15
VisualStudioVersion = 15.0.28010.2019
MinimumVisualStudioVersion = 10.0.40219.1
Project("{FAE04EC0-301F-11D3-BF4B-00C04F79EFBC}") = "homework6", "homework6\homework6.csproj", "{0E24B1B4-BF7E-4708-9DF7-2444CFACA8A7}"
EndProject
Project("{FAE04EC0-301F-11D3-BF4B-00C04F79EFBC}") = "homework6Tests2", "homework6Tests2\homework6Tests2.csproj", "{178E6C35-7F0D-4405-9324-E1EA198B18A2}"
EndProject
Global
	GlobalSection(SolutionConfigurationPlatforms) = preSolution
		Debug|Any CPU = Debug|Any CPU
		Release|Any CPU = Release|Any CPU
	EndGlobalSection
	GlobalSection(ProjectConfigurationPlatforms) = postSolution
		{0E24B1B4-BF7E-4708-9DF7-2444CFACA8A7}.Debug|Any CPU.ActiveCfg = Debug|Any CPU
		{0E24B1B4-BF7E-4708-9DF7-2444CFACA8A7}.Debug|Any CPU.Build.0 = Debug|Any CPU
		{0E24B1B4-BF7E-4708-9DF7-2444CFACA8A7}.Release|Any CPU.ActiveCfg = Release|Any CPU
		{0E24B1B4-BF7E-4708-9DF7-2444CFACA8A7}.Release|Any CPU.Build.0 = Release|Any CPU
		{178E6C35-7F0D-4405-9324-E1EA198B18A2}.Debug|Any CPU.ActiveCfg = Debug|Any CPU
		{178E6C35-7F0D-4405-9324-E1EA198B18A2}.Debug|Any CPU.Build.0 = Debug|Any CPU
		{178E6C35-7F0D-4405-9324-E1EA198B18A2}.Release|Any CPU.ActiveCfg = Release|Any CPU
		{178E6C35-7F0D-4405-9324-E1EA198B18A2}.Release|Any CPU.Build.0 = Release|Any CPU
	EndGlobalSection
	GlobalSection(SolutionProperties) = preSolution
		HideSolutionNode = FALSE
	EndGlobalSection
	GlobalSection(ExtensibilityGlobals) = postSolution
		SolutionGuid = {6F5A4ED6-12CC-4EEF-AE78-611C21014AD1}
	EndGlobalSection
EndGlobal
