
Microsoft Visual Studio Solution File, Format Version 12.00
# Visual Studio 15
VisualStudioVersion = 15.0.28010.2019
MinimumVisualStudioVersion = 10.0.40219.1
Project("{FAE04EC0-301F-11D3-BF4B-00C04F79EFBC}") = "homework8", "homework8\homework8.csproj", "{38C90166-F413-4F75-BA64-E7EA123A0087}"
EndProject
Global
	GlobalSection(SolutionConfigurationPlatforms) = preSolution
		Debug|Any CPU = Debug|Any CPU
		Release|Any CPU = Release|Any CPU
	EndGlobalSection
	GlobalSection(ProjectConfigurationPlatforms) = postSolution
		{38C90166-F413-4F75-BA64-E7EA123A0087}.Debug|Any CPU.ActiveCfg = Debug|Any CPU
		{38C90166-F413-4F75-BA64-E7EA123A0087}.Debug|Any CPU.Build.0 = Debug|Any CPU
		{38C90166-F413-4F75-BA64-E7EA123A0087}.Release|Any CPU.ActiveCfg = Release|Any CPU
		{38C90166-F413-4F75-BA64-E7EA123A0087}.Release|Any CPU.Build.0 = Release|Any CPU
	EndGlobalSection
	GlobalSection(SolutionProperties) = preSolution
		HideSolutionNode = FALSE
	EndGlobalSection
	GlobalSection(ExtensibilityGlobals) = postSolution
		SolutionGuid = {5F664310-C3EA-4497-848D-03BBBFADC878}
	EndGlobalSection
EndGlobal
